
Microsoft Visual Studio Solution File, Format Version 12.00
# Visual Studio Version 16
VisualStudioVersion = 16.0.33529.622
MinimumVisualStudioVersion = 10.0.40219.1
Project("{FAE04EC0-301F-11D3-BF4B-00C04F79EFBC}") = "BUKEP.Student.Calculator", "BUKEP.Student.Calculator\BUKEP.Student.Calculator.csproj", "{08BAF005-D57A-486C-A1C7-60208B8CAFBF}"
EndProject
Global
	GlobalSection(SolutionConfigurationPlatforms) = preSolution
		Debug|Any CPU = Debug|Any CPU
		Release|Any CPU = Release|Any CPU
	EndGlobalSection
	GlobalSection(ProjectConfigurationPlatforms) = postSolution
		{08BAF005-D57A-486C-A1C7-60208B8CAFBF}.Debug|Any CPU.ActiveCfg = Debug|Any CPU
		{08BAF005-D57A-486C-A1C7-60208B8CAFBF}.Debug|Any CPU.Build.0 = Debug|Any CPU
		{08BAF005-D57A-486C-A1C7-60208B8CAFBF}.Release|Any CPU.ActiveCfg = Release|Any CPU
		{08BAF005-D57A-486C-A1C7-60208B8CAFBF}.Release|Any CPU.Build.0 = Release|Any CPU
	EndGlobalSection
	GlobalSection(SolutionProperties) = preSolution
		HideSolutionNode = FALSE
	EndGlobalSection
	GlobalSection(ExtensibilityGlobals) = postSolution
		SolutionGuid = {4AD6B2C0-3717-4A61-9537-FFBE81522EF5}
	EndGlobalSection
EndGlobal
